
Microsoft Visual Studio Solution File, Format Version 12.00
# Visual Studio Version 16
VisualStudioVersion = 16.0.33801.447
MinimumVisualStudioVersion = 10.0.40219.1
Project("{FAE04EC0-301F-11D3-BF4B-00C04F79EFBC}") = "Aquanimal.NET", "Aquanimal.NET.csproj", "{2E5B5952-5FCA-49CE-B77A-D721D6E54696}"
EndProject
Global
	GlobalSection(SolutionConfigurationPlatforms) = preSolution
		Debug|Any CPU = Debug|Any CPU
		Release|Any CPU = Release|Any CPU
	EndGlobalSection
	GlobalSection(ProjectConfigurationPlatforms) = postSolution
		{2E5B5952-5FCA-49CE-B77A-D721D6E54696}.Debug|Any CPU.ActiveCfg = Debug|Any CPU
		{2E5B5952-5FCA-49CE-B77A-D721D6E54696}.Debug|Any CPU.Build.0 = Debug|Any CPU
		{2E5B5952-5FCA-49CE-B77A-D721D6E54696}.Release|Any CPU.ActiveCfg = Release|Any CPU
		{2E5B5952-5FCA-49CE-B77A-D721D6E54696}.Release|Any CPU.Build.0 = Release|Any CPU
	EndGlobalSection
	GlobalSection(SolutionProperties) = preSolution
		HideSolutionNode = FALSE
	EndGlobalSection
	GlobalSection(ExtensibilityGlobals) = postSolution
		SolutionGuid = {C424F47C-F0E0-476E-9789-AEEA6917F714}
	EndGlobalSection
EndGlobal
